<?xml version="1.0" encoding="utf-8"?>
<Project ToolsVersion="4.0" xmlns="http://schemas.microsoft.com/developer/msbuild/2003">
  <ItemGroup>
    <Filter Include="Peak">
      <UniqueIdentifier>{66A88A7C-52DF-8B0D-FBCB-7110E7E1070F}</UniqueIdentifier>
    </Filter>
    <Filter Include="Peak\Core">
      <UniqueIdentifier>{7EFCDAB6-EA66-8F2D-33A5-40D39F4E6D82}</UniqueIdentifier>
    </Filter>
    <Filter Include="Peak\Events">
      <UniqueIdentifier>{8A25AEDE-F6DA-26D4-7FCF-20ABEB831DD8}</UniqueIdentifier>
    </Filter>
  </ItemGroup>
  <ItemGroup>
    <ClInclude Include="src\Peak.h" />
    <ClInclude Include="src\Peak\Application.h">
      <Filter>Peak</Filter>
    </ClInclude>
    <ClInclude Include="src\Peak\Core.h">
      <Filter>Peak</Filter>
    </ClInclude>
    <ClInclude Include="src\Peak\EntryPoint.h">
      <Filter>Peak</Filter>
    </ClInclude>
    <ClInclude Include="src\Peak\Log.h">
      <Filter>Peak</Filter>
    </ClInclude>
    <ClInclude Include="src\peakpch.h" />
  </ItemGroup>
  <ItemGroup>
    <ClCompile Include="src\Peak\Application.cpp">
      <Filter>Peak</Filter>
    </ClCompile>
    <ClCompile Include="src\Peak\Log.cpp">
      <Filter>Peak</Filter>
    </ClCompile>
    <ClCompile Include="src\peakpch.cpp" />
  </ItemGroup>
</Project>